
Microsoft Visual Studio Solution File, Format Version 12.00
# Visual Studio 15
VisualStudioVersion = 15.0.28307.102
MinimumVisualStudioVersion = 10.0.40219.1
Project("{FAE04EC0-301F-11D3-BF4B-00C04F79EFBC}") = "Processor", "Processor\Processor.csproj", "{80EDFCE4-8E23-429B-A20D-8860ACE0B812}"
EndProject
Project("{FAE04EC0-301F-11D3-BF4B-00C04F79EFBC}") = "Lexer", "Lexer\Lexer.csproj", "{A4916AA7-1236-4281-B527-213DA32DC461}"
EndProject
Project("{FAE04EC0-301F-11D3-BF4B-00C04F79EFBC}") = "ConsoleTest", "ConsoleTest\ConsoleTest.csproj", "{AEB513ED-DB51-4F62-BBFD-39720F9FC2D0}"
EndProject
Project("{FAE04EC0-301F-11D3-BF4B-00C04F79EFBC}") = "DevEmula80", "DevEmula80\DevEmula80.csproj", "{F366F67D-6E3D-4FCB-8D38-B869D79E427C}"
EndProject
Global
	GlobalSection(SolutionConfigurationPlatforms) = preSolution
		Debug|Any CPU = Debug|Any CPU
		Release|Any CPU = Release|Any CPU
	EndGlobalSection
	GlobalSection(ProjectConfigurationPlatforms) = postSolution
		{80EDFCE4-8E23-429B-A20D-8860ACE0B812}.Debug|Any CPU.ActiveCfg = Debug|Any CPU
		{80EDFCE4-8E23-429B-A20D-8860ACE0B812}.Debug|Any CPU.Build.0 = Debug|Any CPU
		{80EDFCE4-8E23-429B-A20D-8860ACE0B812}.Release|Any CPU.ActiveCfg = Release|Any CPU
		{80EDFCE4-8E23-429B-A20D-8860ACE0B812}.Release|Any CPU.Build.0 = Release|Any CPU
		{A4916AA7-1236-4281-B527-213DA32DC461}.Debug|Any CPU.ActiveCfg = Debug|Any CPU
		{A4916AA7-1236-4281-B527-213DA32DC461}.Debug|Any CPU.Build.0 = Debug|Any CPU
		{A4916AA7-1236-4281-B527-213DA32DC461}.Release|Any CPU.ActiveCfg = Release|Any CPU
		{A4916AA7-1236-4281-B527-213DA32DC461}.Release|Any CPU.Build.0 = Release|Any CPU
		{AEB513ED-DB51-4F62-BBFD-39720F9FC2D0}.Debug|Any CPU.ActiveCfg = Debug|Any CPU
		{AEB513ED-DB51-4F62-BBFD-39720F9FC2D0}.Debug|Any CPU.Build.0 = Debug|Any CPU
		{AEB513ED-DB51-4F62-BBFD-39720F9FC2D0}.Release|Any CPU.ActiveCfg = Release|Any CPU
		{AEB513ED-DB51-4F62-BBFD-39720F9FC2D0}.Release|Any CPU.Build.0 = Release|Any CPU
		{F366F67D-6E3D-4FCB-8D38-B869D79E427C}.Debug|Any CPU.ActiveCfg = Debug|Any CPU
		{F366F67D-6E3D-4FCB-8D38-B869D79E427C}.Debug|Any CPU.Build.0 = Debug|Any CPU
		{F366F67D-6E3D-4FCB-8D38-B869D79E427C}.Release|Any CPU.ActiveCfg = Release|Any CPU
		{F366F67D-6E3D-4FCB-8D38-B869D79E427C}.Release|Any CPU.Build.0 = Release|Any CPU
	EndGlobalSection
	GlobalSection(SolutionProperties) = preSolution
		HideSolutionNode = FALSE
	EndGlobalSection
	GlobalSection(ExtensibilityGlobals) = postSolution
		SolutionGuid = {8DD56CE6-4E2F-48B0-A309-4C2581BB7F24}
	EndGlobalSection
EndGlobal
